
Microsoft Visual Studio Solution File, Format Version 12.00
# Visual Studio Version 17
VisualStudioVersion = 17.2.32519.379
MinimumVisualStudioVersion = 10.0.40219.1
Project("{FAE04EC0-301F-11D3-BF4B-00C04F79EFBC}") = "HelloWorldGUI", "HelloWorldGUI\HelloWorldGUI.csproj", "{0595E2DC-0181-41AC-A621-51D21ABD99CF}"
EndProject
Global
	GlobalSection(SolutionConfigurationPlatforms) = preSolution
		Debug|Any CPU = Debug|Any CPU
		Release|Any CPU = Release|Any CPU
	EndGlobalSection
	GlobalSection(ProjectConfigurationPlatforms) = postSolution
		{0595E2DC-0181-41AC-A621-51D21ABD99CF}.Debug|Any CPU.ActiveCfg = Debug|Any CPU
		{0595E2DC-0181-41AC-A621-51D21ABD99CF}.Debug|Any CPU.Build.0 = Debug|Any CPU
		{0595E2DC-0181-41AC-A621-51D21ABD99CF}.Release|Any CPU.ActiveCfg = Release|Any CPU
		{0595E2DC-0181-41AC-A621-51D21ABD99CF}.Release|Any CPU.Build.0 = Release|Any CPU
	EndGlobalSection
	GlobalSection(SolutionProperties) = preSolution
		HideSolutionNode = FALSE
	EndGlobalSection
	GlobalSection(ExtensibilityGlobals) = postSolution
		SolutionGuid = {F33363AF-BDCC-45FE-9790-1E7486D1FBA9}
	EndGlobalSection
EndGlobal
